
Microsoft Visual Studio Solution File, Format Version 12.00
# Visual Studio Version 17
VisualStudioVersion = 17.14.36212.18
MinimumVisualStudioVersion = 10.0.40219.1
Project("{FAE04EC0-301F-11D3-BF4B-00C04F79EFBC}") = "sephp", "sephp\sephp.csproj", "{EB63EBCE-2081-4657-A620-B2F139F9E0C8}"
EndProject
Project("{FAE04EC0-301F-11D3-BF4B-00C04F79EFBC}") = "sephp.Nginx", "sephp.Nginx\sephp.Nginx.csproj", "{0318125E-29E6-417D-BB15-058E31051BC1}"
EndProject
Project("{FAE04EC0-301F-11D3-BF4B-00C04F79EFBC}") = "sephp.Addon", "sephp.Addon\sephp.Addon.csproj", "{205089F6-ECC6-4415-8085-6A828D697F50}"
EndProject
Project("{FAE04EC0-301F-11D3-BF4B-00C04F79EFBC}") = "sephp.Share", "sephp.Share\sephp.Share.csproj", "{752A6D66-35C1-42DF-9E27-0596A9678505}"
EndProject
Global
	GlobalSection(SolutionConfigurationPlatforms) = preSolution
		Debug|Any CPU = Debug|Any CPU
		Release|Any CPU = Release|Any CPU
	EndGlobalSection
	GlobalSection(ProjectConfigurationPlatforms) = postSolution
		{EB63EBCE-2081-4657-A620-B2F139F9E0C8}.Debug|Any CPU.ActiveCfg = Debug|Any CPU
		{EB63EBCE-2081-4657-A620-B2F139F9E0C8}.Debug|Any CPU.Build.0 = Debug|Any CPU
		{EB63EBCE-2081-4657-A620-B2F139F9E0C8}.Release|Any CPU.ActiveCfg = Release|Any CPU
		{EB63EBCE-2081-4657-A620-B2F139F9E0C8}.Release|Any CPU.Build.0 = Release|Any CPU
		{0318125E-29E6-417D-BB15-058E31051BC1}.Debug|Any CPU.ActiveCfg = Debug|Any CPU
		{0318125E-29E6-417D-BB15-058E31051BC1}.Debug|Any CPU.Build.0 = Debug|Any CPU
		{0318125E-29E6-417D-BB15-058E31051BC1}.Release|Any CPU.ActiveCfg = Release|Any CPU
		{0318125E-29E6-417D-BB15-058E31051BC1}.Release|Any CPU.Build.0 = Release|Any CPU
		{205089F6-ECC6-4415-8085-6A828D697F50}.Debug|Any CPU.ActiveCfg = Debug|Any CPU
		{205089F6-ECC6-4415-8085-6A828D697F50}.Debug|Any CPU.Build.0 = Debug|Any CPU
		{205089F6-ECC6-4415-8085-6A828D697F50}.Release|Any CPU.ActiveCfg = Release|Any CPU
		{205089F6-ECC6-4415-8085-6A828D697F50}.Release|Any CPU.Build.0 = Release|Any CPU
		{752A6D66-35C1-42DF-9E27-0596A9678505}.Debug|Any CPU.ActiveCfg = Debug|Any CPU
		{752A6D66-35C1-42DF-9E27-0596A9678505}.Debug|Any CPU.Build.0 = Debug|Any CPU
		{752A6D66-35C1-42DF-9E27-0596A9678505}.Release|Any CPU.ActiveCfg = Release|Any CPU
		{752A6D66-35C1-42DF-9E27-0596A9678505}.Release|Any CPU.Build.0 = Release|Any CPU
	EndGlobalSection
	GlobalSection(SolutionProperties) = preSolution
		HideSolutionNode = FALSE
	EndGlobalSection
	GlobalSection(ExtensibilityGlobals) = postSolution
		SolutionGuid = {8A41CC0D-AF5A-4613-A4B9-18EB9F3B461D}
	EndGlobalSection
EndGlobal
